
Microsoft Visual Studio Solution File, Format Version 12.00
# Visual Studio Version 17
VisualStudioVersion = 17.2.32630.192
MinimumVisualStudioVersion = 10.0.40219.1
Project("{FAE04EC0-301F-11D3-BF4B-00C04F79EFBC}") = "Expense Tracker", "Expense Tracker\Expense Tracker.csproj", "{ADA4FD51-9225-4839-B605-CA7C7BCF2037}"
EndProject
Project("{2150E333-8FDC-42A3-9474-1A3956D46DE8}") = "Solution Items", "Solution Items", "{3E778D90-D6D6-4121-BD4F-A4AA338A4C1C}"
	ProjectSection(SolutionItems) = preProject
		.editorconfig = .editorconfig
	EndProjectSection
EndProject
Global
	GlobalSection(SolutionConfigurationPlatforms) = preSolution
		Debug|Any CPU = Debug|Any CPU
		Release|Any CPU = Release|Any CPU
	EndGlobalSection
	GlobalSection(ProjectConfigurationPlatforms) = postSolution
		{ADA4FD51-9225-4839-B605-CA7C7BCF2037}.Debug|Any CPU.ActiveCfg = Debug|Any CPU
		{ADA4FD51-9225-4839-B605-CA7C7BCF2037}.Debug|Any CPU.Build.0 = Debug|Any CPU
		{ADA4FD51-9225-4839-B605-CA7C7BCF2037}.Release|Any CPU.ActiveCfg = Release|Any CPU
		{ADA4FD51-9225-4839-B605-CA7C7BCF2037}.Release|Any CPU.Build.0 = Release|Any CPU
	EndGlobalSection
	GlobalSection(SolutionProperties) = preSolution
		HideSolutionNode = FALSE
	EndGlobalSection
	GlobalSection(ExtensibilityGlobals) = postSolution
		SolutionGuid = {4503C862-4430-47FB-9292-03AA1E1C1731}
	EndGlobalSection
EndGlobal
